
Microsoft Visual Studio Solution File, Format Version 12.00
# Visual Studio Version 17
VisualStudioVersion = 17.0.31808.319
MinimumVisualStudioVersion = 10.0.40219.1
Project("{9A19103F-16F7-4668-BE54-9A1E7A4F7556}") = "BlazorApp", "BlazorApp\BlazorApp.csproj", "{47372129-DC13-4481-A4F7-3A3331BEC08A}"
EndProject
Project("{9A19103F-16F7-4668-BE54-9A1E7A4F7556}") = "DataLibrary", "DataLibrary\DataLibrary.csproj", "{DB296E71-5A12-440C-8FA5-E46ADC0D7DDF}"
EndProject
Global
	GlobalSection(SolutionConfigurationPlatforms) = preSolution
		Debug|Any CPU = Debug|Any CPU
		Release|Any CPU = Release|Any CPU
	EndGlobalSection
	GlobalSection(ProjectConfigurationPlatforms) = postSolution
		{47372129-DC13-4481-A4F7-3A3331BEC08A}.Debug|Any CPU.ActiveCfg = Debug|Any CPU
		{47372129-DC13-4481-A4F7-3A3331BEC08A}.Debug|Any CPU.Build.0 = Debug|Any CPU
		{47372129-DC13-4481-A4F7-3A3331BEC08A}.Release|Any CPU.ActiveCfg = Release|Any CPU
		{47372129-DC13-4481-A4F7-3A3331BEC08A}.Release|Any CPU.Build.0 = Release|Any CPU
		{DB296E71-5A12-440C-8FA5-E46ADC0D7DDF}.Debug|Any CPU.ActiveCfg = Debug|Any CPU
		{DB296E71-5A12-440C-8FA5-E46ADC0D7DDF}.Debug|Any CPU.Build.0 = Debug|Any CPU
		{DB296E71-5A12-440C-8FA5-E46ADC0D7DDF}.Release|Any CPU.ActiveCfg = Release|Any CPU
		{DB296E71-5A12-440C-8FA5-E46ADC0D7DDF}.Release|Any CPU.Build.0 = Release|Any CPU
	EndGlobalSection
	GlobalSection(SolutionProperties) = preSolution
		HideSolutionNode = FALSE
	EndGlobalSection
	GlobalSection(ExtensibilityGlobals) = postSolution
		SolutionGuid = {92F396E3-3D99-481C-BD0E-9EC12DCDBF5B}
	EndGlobalSection
EndGlobal
